// !$*UTF8*$!
{
	archiveVersion = 1;
	classes = {
	};
	objectVersion = 46;
	objects = {

/* Begin PBXBuildFile section */
		230F39D31CC5D85200B53C9D /* AccountKitStrings.bundle in Resources */ = {isa = PBXBuildFile; fileRef = 230F39D21CC5D85200B53C9D /* AccountKitStrings.bundle */; };
		23C7583F1CC590AD009B64B6 /* AppDelegate.swift in Sources */ = {isa = PBXBuildFile; fileRef = 23C7583E1CC590AD009B64B6 /* AppDelegate.swift */; };
		23C758411CC590AD009B64B6 /* ViewController.swift in Sources */ = {isa = PBXBuildFile; fileRef = 23C758401CC590AD009B64B6 /* ViewController.swift */; };
		23C758441CC590AD009B64B6 /* Main.storyboard in Resources */ = {isa = PBXBuildFile; fileRef = 23C758421CC590AD009B64B6 /* Main.storyboard */; };
		23C758461CC590AD009B64B6 /* Assets.xcassets in Resources */ = {isa = PBXBuildFile; fileRef = 23C758451CC590AD009B64B6 /* Assets.xcassets */; };
		23C758491CC590AD009B64B6 /* LaunchScreen.storyboard in Resources */ = {isa = PBXBuildFile; fileRef = 23C758471CC590AD009B64B6 /* LaunchScreen.storyboard */; };
		23C7585D1CC5A03C009B64B6 /* LoginViewController.swift in Sources */ = {isa = PBXBuildFile; fileRef = 23C7585C1CC5A03C009B64B6 /* LoginViewController.swift */; };
		23C758611CC5A17C009B64B6 /* AccountKit.framework in Frameworks */ = {isa = PBXBuildFile; fileRef = 23C758601CC5A17C009B64B6 /* AccountKit.framework */; };
/* End PBXBuildFile section */

/* Begin PBXFileReference section */
		230F39D01CC5D72100B53C9D /* es */ = {isa = PBXFileReference; lastKnownFileType = text.plist.strings; name = es; path = es.lproj/Main.strings; sourceTree = "<group>"; };
		230F39D11CC5D72100B53C9D /* es */ = {isa = PBXFileReference; lastKnownFileType = text.plist.strings; name = es; path = es.lproj/LaunchScreen.strings; sourceTree = "<group>"; };
		230F39D21CC5D85200B53C9D /* AccountKitStrings.bundle */ = {isa = PBXFileReference; lastKnownFileType = "wrapper.plug-in"; path = AccountKitStrings.bundle; sourceTree = "<group>"; };
		23C7583B1CC590AD009B64B6 /* AccountKitiOS.app */ = {isa = PBXFileReference; explicitFileType = wrapper.application; includeInIndex = 0; path = AccountKitiOS.app; sourceTree = BUILT_PRODUCTS_DIR; };
		23C7583E1CC590AD009B64B6 /* AppDelegate.swift */ = {isa = PBXFileReference; lastKnownFileType = sourcecode.swift; path = AppDelegate.swift; sourceTree = "<group>"; };
		23C758401CC590AD009B64B6 /* ViewController.swift */ = {isa = PBXFileReference; lastKnownFileType = sourcecode.swift; path = ViewController.swift; sourceTree = "<group>"; };
		23C758431CC590AD009B64B6 /* Base */ = {isa = PBXFileReference; lastKnownFileType = file.storyboard; name = Base; path = Base.lproj/Main.storyboard; sourceTree = "<group>"; };
		23C758451CC590AD009B64B6 /* Assets.xcassets */ = {isa = PBXFileReference; lastKnownFileType = folder.assetcatalog; path = Assets.xcassets; sourceTree = "<group>"; };
		23C758481CC590AD009B64B6 /* Base */ = {isa = PBXFileReference; lastKnownFileType = file.storyboard; name = Base; path = Base.lproj/LaunchScreen.storyboard; sourceTree = "<group>"; };
		23C7584A1CC590AD009B64B6 /* Info.plist */ = {isa = PBXFileReference; lastKnownFileType = text.plist.xml; path = Info.plist; sourceTree = "<group>"; };
		23C758501CC590F8009B64B6 /* AccountKitiOS-Bridging-Header.h */ = {isa = PBXFileReference; fileEncoding = 4; lastKnownFileType = sourcecode.c.h; path = "AccountKitiOS-Bridging-Header.h"; sourceTree = "<group>"; };
		23C7585C1CC5A03C009B64B6 /* LoginViewController.swift */ = {isa = PBXFileReference; fileEncoding = 4; lastKnownFileType = sourcecode.swift; path = LoginViewController.swift; sourceTree = "<group>"; };
		23C758601CC5A17C009B64B6 /* AccountKit.framework */ = {isa = PBXFileReference; lastKnownFileType = wrapper.framework; path = AccountKit.framework; sourceTree = "<group>"; };
/* End PBXFileReference section */

/* Begin PBXFrameworksBuildPhase section */
		23C758381CC590AD009B64B6 /* Frameworks */ = {
			isa = PBXFrameworksBuildPhase;
			buildActionMask = 2147483647;
			files = (
				23C758611CC5A17C009B64B6 /* AccountKit.framework in Frameworks */,
			);
			runOnlyForDeploymentPostprocessing = 0;
		};
/* End PBXFrameworksBuildPhase section */

/* Begin PBXGroup section */
		23C758321CC590AD009B64B6 = {
			isa = PBXGroup;
			children = (
				23C7583D1CC590AD009B64B6 /* AccountKitiOS */,
				23C7583C1CC590AD009B64B6 /* Products */,
			);
			sourceTree = "<group>";
		};
		23C7583C1CC590AD009B64B6 /* Products */ = {
			isa = PBXGroup;
			children = (
				23C7583B1CC590AD009B64B6 /* AccountKitiOS.app */,
			);
			name = Products;
			sourceTree = "<group>";
		};
		23C7583D1CC590AD009B64B6 /* AccountKitiOS */ = {
			isa = PBXGroup;
			children = (
				23C758501CC590F8009B64B6 /* AccountKitiOS-Bridging-Header.h */,
				230F39D21CC5D85200B53C9D /* AccountKitStrings.bundle */,
				23C758601CC5A17C009B64B6 /* AccountKit.framework */,
				23C7583E1CC590AD009B64B6 /* AppDelegate.swift */,
				23C758401CC590AD009B64B6 /* ViewController.swift */,
				23C7585C1CC5A03C009B64B6 /* LoginViewController.swift */,
				23C758421CC590AD009B64B6 /* Main.storyboard */,
				23C758451CC590AD009B64B6 /* Assets.xcassets */,
				23C758471CC590AD009B64B6 /* LaunchScreen.storyboard */,
				23C7584A1CC590AD009B64B6 /* Info.plist */,
			);
			path = AccountKitiOS;
			sourceTree = "<group>";
		};
/* End PBXGroup section */

/* Begin PBXNativeTarget section */
		23C7583A1CC590AD009B64B6 /* AccountKitiOS */ = {
			isa = PBXNativeTarget;
			buildConfigurationList = 23C7584D1CC590AD009B64B6 /* Build configuration list for PBXNativeTarget "AccountKitiOS" */;
			buildPhases = (
				23C758371CC590AD009B64B6 /* Sources */,
				23C758381CC590AD009B64B6 /* Frameworks */,
				23C758391CC590AD009B64B6 /* Resources */,
			);
			buildRules = (
			);
			dependencies = (
			);
			name = AccountKitiOS;
			productName = AccountKitiOS;
			productReference = 23C7583B1CC590AD009B64B6 /* AccountKitiOS.app */;
			productType = "com.apple.product-type.application";
		};
/* End PBXNativeTarget section */

/* Begin PBXProject section */
		23C758331CC590AD009B64B6 /* Project object */ = {
			isa = PBXProject;
			attributes = {
				LastSwiftUpdateCheck = 0730;
				LastUpgradeCheck = 0730;
				ORGANIZATIONNAME = "Elaniin Digital";
				TargetAttributes = {
					23C7583A1CC590AD009B64B6 = {
						CreatedOnToolsVersion = 7.3;
						DevelopmentTeam = F9TRLMRFN4;
					};
				};
			};
			buildConfigurationList = 23C758361CC590AD009B64B6 /* Build configuration list for PBXProject "AccountKitiOS" */;
			compatibilityVersion = "Xcode 3.2";
			developmentRegion = English;
			hasScannedForEncodings = 0;
			knownRegions = (
				en,
				Base,
			);
			mainGroup = 23C758321CC590AD009B64B6;
			productRefGroup = 23C7583C1CC590AD009B64B6 /* Products */;
			projectDirPath = "";
			projectRoot = "";
			targets = (
				23C7583A1CC590AD009B64B6 /* AccountKitiOS */,
			);
		};
/* End PBXProject section */

/* Begin PBXResourcesBuildPhase section */
		23C758391CC590AD009B64B6 /* Resources */ = {
			isa = PBXResourcesBuildPhase;
			buildActionMask = 2147483647;
			files = (
				23C758491CC590AD009B64B6 /* LaunchScreen.storyboard in Resources */,
				23C758461CC590AD009B64B6 /* Assets.xcassets in Resources */,
				23C758441CC590AD009B64B6 /* Main.storyboard in Resources */,
				230F39D31CC5D85200B53C9D /* AccountKitStrings.bundle in Resources */,
			);
			runOnlyForDeploymentPostprocessing = 0;
		};
/* End PBXResourcesBuildPhase section */

/* Begin PBXSourcesBuildPhase section */
		23C758371CC590AD009B64B6 /* Sources */ = {
			isa = PBXSourcesBuildPhase;
			buildActionMask = 2147483647;
			files = (
				23C7585D1CC5A03C009B64B6 /* LoginViewController.swift in Sources */,
				23C758411CC590AD009B64B6 /* ViewController.swift in Sources */,
				23C7583F1CC590AD009B64B6 /* AppDelegate.swift in Sources */,
			);
			runOnlyForDeploymentPostprocessing = 0;
		};
/* End PBXSourcesBuildPhase section */

/* Begin PBXVariantGroup section */
		23C758421CC590AD009B64B6 /* Main.storyboard */ = {
			isa = PBXVariantGroup;
			children = (
				23C758431CC590AD009B64B6 /* Base */,
				230F39D01CC5D72100B53C9D /* es */,
			);
			name = Main.storyboard;
			sourceTree = "<group>";
		};
		23C758471CC590AD009B64B6 /* LaunchScreen.storyboard */ = {
			isa = PBXVariantGroup;
			children = (
				23C758481CC590AD009B64B6 /* Base */,
				230F39D11CC5D72100B53C9D /* es */,
			);
			name = LaunchScreen.storyboard;
			sourceTree = "<group>";
		};
/* End PBXVariantGroup section */

/* Begin XCBuildConfiguration section */
		23C7584B1CC590AD009B64B6 /* Debug */ = {
			isa = XCBuildConfiguration;
			buildSettings = {
				ALWAYS_SEARCH_USER_PATHS = NO;
				CLANG_ANALYZER_NONNULL = YES;
				CLANG_CXX_LANGUAGE_STANDARD = "gnu++0x";
				CLANG_CXX_LIBRARY = "libc++";
				CLANG_ENABLE_MODULES = YES;
				CLANG_ENABLE_OBJC_ARC = YES;
				CLANG_WARN_BOOL_CONVERSION = YES;
				CLANG_WARN_CONSTANT_CONVERSION = YES;
				CLANG_WARN_DIRECT_OBJC_ISA_USAGE = YES_ERROR;
				CLANG_WARN_EMPTY_BODY = YES;
				CLANG_WARN_ENUM_CONVERSION = YES;
				CLANG_WARN_INT_CONVERSION = YES;
				CLANG_WARN_OBJC_ROOT_CLASS = YES_ERROR;
				CLANG_WARN_UNREACHABLE_CODE = YES;
				CLANG_WARN__DUPLICATE_METHOD_MATCH = YES;
				"CODE_SIGN_IDENTITY[sdk=iphoneos*]" = "iPhone Developer";
				COPY_PHASE_STRIP = NO;
				DEBUG_INFORMATION_FORMAT = dwarf;
				ENABLE_STRICT_OBJC_MSGSEND = YES;
				ENABLE_TESTABILITY = YES;
				GCC_C_LANGUAGE_STANDARD = gnu99;
				GCC_DYNAMIC_NO_PIC = NO;
				GCC_NO_COMMON_BLOCKS = YES;
				GCC_OPTIMIZATION_LEVEL = 0;
				GCC_PREPROCESSOR_DEFINITIONS = (
					"DEBUG=1",
					"$(inherited)",
				);
				GCC_WARN_64_TO_32_BIT_CONVERSION = YES;
				GCC_WARN_ABOUT_RETURN_TYPE = YES_ERROR;
				GCC_WARN_UNDECLARED_SELECTOR = YES;
				GCC_WARN_UNINITIALIZED_AUTOS = YES_AGGRESSIVE;
				GCC_WARN_UNUSED_FUNCTION = YES;
				GCC_WARN_UNUSED_VARIABLE = YES;
				IPHONEOS_DEPLOYMENT_TARGET = 9.3;
				MTL_ENABLE_DEBUG_INFO = YES;
				ONLY_ACTIVE_ARCH = YES;
				SDKROOT = iphoneos;
				SWIFT_OPTIMIZATION_LEVEL = "-Onone";
			};
			name = Debug;
		};
		23C7584C1CC590AD009B64B6 /* Release */ = {
			isa = XCBuildConfiguration;
			buildSettings = {
				ALWAYS_SEARCH_USER_PATHS = NO;
				CLANG_ANALYZER_NONNULL = YES;
				CLANG_CXX_LANGUAGE_STANDARD = "gnu++0x";
				CLANG_CXX_LIBRARY = "libc++";
				CLANG_ENABLE_MODULES = YES;
				CLANG_ENABLE_OBJC_ARC = YES;
				CLANG_WARN_BOOL_CONVERSION = YES;
				CLANG_WARN_CONSTANT_CONVERSION = YES;
				CLANG_WARN_DIRECT_OBJC_ISA_USAGE = YES_ERROR;
				CLANG_WARN_EMPTY_BODY = YES;
				CLANG_WARN_ENUM_CONVERSION = YES;
				CLANG_WARN_INT_CONVERSION = YES;
				CLANG_WARN_OBJC_ROOT_CLASS = YES_ERROR;
				CLANG_WARN_UNREACHABLE_CODE = YES;
				CLANG_WARN__DUPLICATE_METHOD_MATCH = YES;
				"CODE_SIGN_IDENTITY[sdk=iphoneos*]" = "iPhone Developer";
				COPY_PHASE_STRIP = NO;
				DEBUG_INFORMATION_FORMAT = "dwarf-with-dsym";
				ENABLE_NS_ASSERTIONS = NO;
				ENABLE_STRICT_OBJC_MSGSEND = YES;
				GCC_C_LANGUAGE_STANDARD = gnu99;
				GCC_NO_COMMON_BLOCKS = YES;
				GCC_WARN_64_TO_32_BIT_CONVERSION = YES;
				GCC_WARN_ABOUT_RETURN_TYPE = YES_ERROR;
				GCC_WARN_UNDECLARED_SELECTOR = YES;
				GCC_WARN_UNINITIALIZED_AUTOS = YES_AGGRESSIVE;
				GCC_WARN_UNUSED_FUNCTION = YES;
				GCC_WARN_UNUSED_VARIABLE = YES;
				IPHONEOS_DEPLOYMENT_TARGET = 9.3;
				MTL_ENABLE_DEBUG_INFO = NO;
				SDKROOT = iphoneos;
				VALIDATE_PRODUCT = YES;
			};
			name = Release;
		};
		23C7584E1CC590AD009B64B6 /* Debug */ = {
			isa = XCBuildConfiguration;
			buildSettings = {
				ASSETCATALOG_COMPILER_APPICON_NAME = AppIcon;
				CODE_SIGN_IDENTITY = "iPhone Developer";
				FRAMEWORK_SEARCH_PATHS = (
					"$(inherited)",
					"$(PROJECT_DIR)/AccountKitiOS",
					"$(PROJECT_DIR)",
				);
				INFOPLIST_FILE = AccountKitiOS/Info.plist;
				IPHONEOS_DEPLOYMENT_TARGET = 9.0;
				LD_RUNPATH_SEARCH_PATHS = "$(inherited) @executable_path/Frameworks";
				PRODUCT_BUNDLE_IDENTIFIER = com.elaniin.AccountKitiOS;
				PRODUCT_NAME = "$(TARGET_NAME)";
				SWIFT_OBJC_BRIDGING_HEADER = "AccountKitiOS/AccountKitiOS-Bridging-Header.h";
			};
			name = Debug;
		};
		23C7584F1CC590AD009B64B6 /* Release */ = {
			isa = XCBuildConfiguration;
			buildSettings = {
				ASSETCATALOG_COMPILER_APPICON_NAME = AppIcon;
				CODE_SIGN_IDENTITY = "iPhone Developer";
				FRAMEWORK_SEARCH_PATHS = (
					"$(inherited)",
					"$(PROJECT_DIR)/AccountKitiOS",
					"$(PROJECT_DIR)",
				);
				INFOPLIST_FILE = AccountKitiOS/Info.plist;
				IPHONEOS_DEPLOYMENT_TARGET = 9.0;
				LD_RUNPATH_SEARCH_PATHS = "$(inherited) @executable_path/Frameworks";
				PRODUCT_BUNDLE_IDENTIFIER = com.elaniin.AccountKitiOS;
				PRODUCT_NAME = "$(TARGET_NAME)";
				SWIFT_OBJC_BRIDGING_HEADER = "AccountKitiOS/AccountKitiOS-Bridging-Header.h";
			};
			name = Release;
		};
/* End XCBuildConfiguration section */

/* Begin XCConfigurationList section */
		23C758361CC590AD009B64B6 /* Build configuration list for PBXProject "AccountKitiOS" */ = {
			isa = XCConfigurationList;
			buildConfigurations = (
				23C7584B1CC590AD009B64B6 /* Debug */,
				23C7584C1CC590AD009B64B6 /* Release */,
			);
			defaultConfigurationIsVisible = 0;
			defaultConfigurationName = Release;
		};
		23C7584D1CC590AD009B64B6 /* Build configuration list for PBXNativeTarget "AccountKitiOS" */ = {
			isa = XCConfigurationList;
			buildConfigurations = (
				23C7584E1CC590AD009B64B6 /* Debug */,
				23C7584F1CC590AD009B64B6 /* Release */,
			);
			defaultConfigurationIsVisible = 0;
			defaultConfigurationName = Release;
		};
/* End XCConfigurationList section */
	};
	rootObject = 23C758331CC590AD009B64B6 /* Project object */;
}
